// !$*UTF8*$!
{
	archiveVersion = 1;
	classes = {
	};
	objectVersion = 56;
	objects = {

/* Begin PBXBuildFile section */
		9E7181372B0EF4F900570CCA /* AppDelegate.swift in Sources */ = {isa = PBXBuildFile; fileRef = 9E7181362B0EF4F900570CCA /* AppDelegate.swift */; };
		9E7181392B0EF4F900570CCA /* SceneDelegate.swift in Sources */ = {isa = PBXBuildFile; fileRef = 9E7181382B0EF4F900570CCA /* SceneDelegate.swift */; };
		9E71813B2B0EF4F900570CCA /* CoreDataViewController.swift in Sources */ = {isa = PBXBuildFile; fileRef = 9E71813A2B0EF4F900570CCA /* CoreDataViewController.swift */; };
		9E71813E2B0EF4F900570CCA /* Main.storyboard in Resources */ = {isa = PBXBuildFile; fileRef = 9E71813C2B0EF4F900570CCA /* Main.storyboard */; };
		9E7181412B0EF4F900570CCA /* CoreDataListProject.xcdatamodeld in Sources */ = {isa = PBXBuildFile; fileRef = 9E71813F2B0EF4F900570CCA /* CoreDataListProject.xcdatamodeld */; };
		9E7181432B0EF4FB00570CCA /* Assets.xcassets in Resources */ = {isa = PBXBuildFile; fileRef = 9E7181422B0EF4FB00570CCA /* Assets.xcassets */; };
		9E7181462B0EF4FB00570CCA /* LaunchScreen.storyboard in Resources */ = {isa = PBXBuildFile; fileRef = 9E7181442B0EF4FB00570CCA /* LaunchScreen.storyboard */; };
		9E7181562B0F127600570CCA /* SwiftUIViewController.swift in Sources */ = {isa = PBXBuildFile; fileRef = 9E7181552B0F127600570CCA /* SwiftUIViewController.swift */; };
		9E7181602B0F154B00570CCA /* ContentView.swift in Sources */ = {isa = PBXBuildFile; fileRef = 9E71815D2B0F154A00570CCA /* ContentView.swift */; };
		9E7181612B0F154B00570CCA /* ContentViewModel.swift in Sources */ = {isa = PBXBuildFile; fileRef = 9E71815E2B0F154B00570CCA /* ContentViewModel.swift */; };
		9E7181622B0F154B00570CCA /* GridCell.swift in Sources */ = {isa = PBXBuildFile; fileRef = 9E71815F2B0F154B00570CCA /* GridCell.swift */; };
		9E7181652B0F245F00570CCA /* CoreDataManager.swift in Sources */ = {isa = PBXBuildFile; fileRef = 9E7181642B0F245F00570CCA /* CoreDataManager.swift */; };
		9E71816B2B0F351A00570CCA /* StoryboardTableViewController.swift in Sources */ = {isa = PBXBuildFile; fileRef = 9E71816A2B0F351A00570CCA /* StoryboardTableViewController.swift */; };
		9E71816E2B0F3A6600570CCA /* ToDoListItem+CoreDataClass.swift in Sources */ = {isa = PBXBuildFile; fileRef = 9E71816C2B0F3A6600570CCA /* ToDoListItem+CoreDataClass.swift */; };
		9E71816F2B0F3A6600570CCA /* ToDoListItem+CoreDataProperties.swift in Sources */ = {isa = PBXBuildFile; fileRef = 9E71816D2B0F3A6600570CCA /* ToDoListItem+CoreDataProperties.swift */; };
/* End PBXBuildFile section */

/* Begin PBXFileReference section */
		9E7181332B0EF4F900570CCA /* CoreDataListProject.app */ = {isa = PBXFileReference; explicitFileType = wrapper.application; includeInIndex = 0; path = CoreDataListProject.app; sourceTree = BUILT_PRODUCTS_DIR; };
		9E7181362B0EF4F900570CCA /* AppDelegate.swift */ = {isa = PBXFileReference; lastKnownFileType = sourcecode.swift; path = AppDelegate.swift; sourceTree = "<group>"; };
		9E7181382B0EF4F900570CCA /* SceneDelegate.swift */ = {isa = PBXFileReference; lastKnownFileType = sourcecode.swift; path = SceneDelegate.swift; sourceTree = "<group>"; };
		9E71813A2B0EF4F900570CCA /* CoreDataViewController.swift */ = {isa = PBXFileReference; lastKnownFileType = sourcecode.swift; path = CoreDataViewController.swift; sourceTree = "<group>"; };
		9E71813D2B0EF4F900570CCA /* Base */ = {isa = PBXFileReference; lastKnownFileType = file.storyboard; name = Base; path = Base.lproj/Main.storyboard; sourceTree = "<group>"; };
		9E7181402B0EF4F900570CCA /* CoreDataListProject.xcdatamodel */ = {isa = PBXFileReference; lastKnownFileType = wrapper.xcdatamodel; path = CoreDataListProject.xcdatamodel; sourceTree = "<group>"; };
		9E7181422B0EF4FB00570CCA /* Assets.xcassets */ = {isa = PBXFileReference; lastKnownFileType = folder.assetcatalog; path = Assets.xcassets; sourceTree = "<group>"; };
		9E7181452B0EF4FB00570CCA /* Base */ = {isa = PBXFileReference; lastKnownFileType = file.storyboard; name = Base; path = Base.lproj/LaunchScreen.storyboard; sourceTree = "<group>"; };
		9E7181472B0EF4FB00570CCA /* Info.plist */ = {isa = PBXFileReference; lastKnownFileType = text.plist.xml; path = Info.plist; sourceTree = "<group>"; };
		9E7181552B0F127600570CCA /* SwiftUIViewController.swift */ = {isa = PBXFileReference; lastKnownFileType = sourcecode.swift; path = SwiftUIViewController.swift; sourceTree = "<group>"; };
		9E71815D2B0F154A00570CCA /* ContentView.swift */ = {isa = PBXFileReference; fileEncoding = 4; lastKnownFileType = sourcecode.swift; path = ContentView.swift; sourceTree = "<group>"; };
		9E71815E2B0F154B00570CCA /* ContentViewModel.swift */ = {isa = PBXFileReference; fileEncoding = 4; lastKnownFileType = sourcecode.swift; path = ContentViewModel.swift; sourceTree = "<group>"; };
		9E71815F2B0F154B00570CCA /* GridCell.swift */ = {isa = PBXFileReference; fileEncoding = 4; lastKnownFileType = sourcecode.swift; path = GridCell.swift; sourceTree = "<group>"; };
		9E7181642B0F245F00570CCA /* CoreDataManager.swift */ = {isa = PBXFileReference; lastKnownFileType = sourcecode.swift; path = CoreDataManager.swift; sourceTree = "<group>"; };
		9E71816A2B0F351A00570CCA /* StoryboardTableViewController.swift */ = {isa = PBXFileReference; lastKnownFileType = sourcecode.swift; path = StoryboardTableViewController.swift; sourceTree = "<group>"; };
		9E71816C2B0F3A6600570CCA /* ToDoListItem+CoreDataClass.swift */ = {isa = PBXFileReference; lastKnownFileType = sourcecode.swift; path = "ToDoListItem+CoreDataClass.swift"; sourceTree = "<group>"; };
		9E71816D2B0F3A6600570CCA /* ToDoListItem+CoreDataProperties.swift */ = {isa = PBXFileReference; lastKnownFileType = sourcecode.swift; path = "ToDoListItem+CoreDataProperties.swift"; sourceTree = "<group>"; };
/* End PBXFileReference section */

/* Begin PBXFrameworksBuildPhase section */
		9E7181302B0EF4F900570CCA /* Frameworks */ = {
			isa = PBXFrameworksBuildPhase;
			buildActionMask = 2147483647;
			files = (
			);
			runOnlyForDeploymentPostprocessing = 0;
		};
/* End PBXFrameworksBuildPhase section */

/* Begin PBXGroup section */
		9E71812A2B0EF4F900570CCA = {
			isa = PBXGroup;
			children = (
				9E7181352B0EF4F900570CCA /* CoreDataListProject */,
				9E7181342B0EF4F900570CCA /* Products */,
			);
			sourceTree = "<group>";
		};
		9E7181342B0EF4F900570CCA /* Products */ = {
			isa = PBXGroup;
			children = (
				9E7181332B0EF4F900570CCA /* CoreDataListProject.app */,
			);
			name = Products;
			sourceTree = "<group>";
		};
		9E7181352B0EF4F900570CCA /* CoreDataListProject */ = {
			isa = PBXGroup;
			children = (
				9E7181542B0F0AB800570CCA /* ToDoListItem */,
				9E7181362B0EF4F900570CCA /* AppDelegate.swift */,
				9E7181382B0EF4F900570CCA /* SceneDelegate.swift */,
				9E71813A2B0EF4F900570CCA /* CoreDataViewController.swift */,
				9E7181642B0F245F00570CCA /* CoreDataManager.swift */,
				9E7181552B0F127600570CCA /* SwiftUIViewController.swift */,
				9E71813C2B0EF4F900570CCA /* Main.storyboard */,
				9E71816A2B0F351A00570CCA /* StoryboardTableViewController.swift */,
				9E7181632B0F155800570CCA /* SwiftUIView */,
				9E7181422B0EF4FB00570CCA /* Assets.xcassets */,
				9E7181442B0EF4FB00570CCA /* LaunchScreen.storyboard */,
				9E7181472B0EF4FB00570CCA /* Info.plist */,
				9E71813F2B0EF4F900570CCA /* CoreDataListProject.xcdatamodeld */,
			);
			path = CoreDataListProject;
			sourceTree = "<group>";
		};
		9E7181542B0F0AB800570CCA /* ToDoListItem */ = {
			isa = PBXGroup;
			children = (
				9E71816C2B0F3A6600570CCA /* ToDoListItem+CoreDataClass.swift */,
				9E71816D2B0F3A6600570CCA /* ToDoListItem+CoreDataProperties.swift */,
			);
			path = ToDoListItem;
			sourceTree = "<group>";
		};
		9E7181632B0F155800570CCA /* SwiftUIView */ = {
			isa = PBXGroup;
			children = (
				9E71815D2B0F154A00570CCA /* ContentView.swift */,
				9E71815E2B0F154B00570CCA /* ContentViewModel.swift */,
				9E71815F2B0F154B00570CCA /* GridCell.swift */,
			);
			path = SwiftUIView;
			sourceTree = "<group>";
		};
/* End PBXGroup section */

/* Begin PBXNativeTarget section */
		9E7181322B0EF4F900570CCA /* CoreDataListProject */ = {
			isa = PBXNativeTarget;
			buildConfigurationList = 9E71814A2B0EF4FB00570CCA /* Build configuration list for PBXNativeTarget "CoreDataListProject" */;
			buildPhases = (
				9E71812F2B0EF4F900570CCA /* Sources */,
				9E7181302B0EF4F900570CCA /* Frameworks */,
				9E7181312B0EF4F900570CCA /* Resources */,
			);
			buildRules = (
			);
			dependencies = (
			);
			name = CoreDataListProject;
			productName = CoreDataListProject;
			productReference = 9E7181332B0EF4F900570CCA /* CoreDataListProject.app */;
			productType = "com.apple.product-type.application";
		};
/* End PBXNativeTarget section */

/* Begin PBXProject section */
		9E71812B2B0EF4F900570CCA /* Project object */ = {
			isa = PBXProject;
			attributes = {
				BuildIndependentTargetsInParallel = 1;
				LastSwiftUpdateCheck = 1500;
				LastUpgradeCheck = 1500;
				TargetAttributes = {
					9E7181322B0EF4F900570CCA = {
						CreatedOnToolsVersion = 15.0.1;
					};
				};
			};
			buildConfigurationList = 9E71812E2B0EF4F900570CCA /* Build configuration list for PBXProject "CoreDataListProject" */;
			compatibilityVersion = "Xcode 14.0";
			developmentRegion = en;
			hasScannedForEncodings = 0;
			knownRegions = (
				en,
				Base,
			);
			mainGroup = 9E71812A2B0EF4F900570CCA;
			productRefGroup = 9E7181342B0EF4F900570CCA /* Products */;
			projectDirPath = "";
			projectRoot = "";
			targets = (
				9E7181322B0EF4F900570CCA /* CoreDataListProject */,
			);
		};
/* End PBXProject section */

/* Begin PBXResourcesBuildPhase section */
		9E7181312B0EF4F900570CCA /* Resources */ = {
			isa = PBXResourcesBuildPhase;
			buildActionMask = 2147483647;
			files = (
				9E7181462B0EF4FB00570CCA /* LaunchScreen.storyboard in Resources */,
				9E7181432B0EF4FB00570CCA /* Assets.xcassets in Resources */,
				9E71813E2B0EF4F900570CCA /* Main.storyboard in Resources */,
			);
			runOnlyForDeploymentPostprocessing = 0;
		};
/* End PBXResourcesBuildPhase section */

/* Begin PBXSourcesBuildPhase section */
		9E71812F2B0EF4F900570CCA /* Sources */ = {
			isa = PBXSourcesBuildPhase;
			buildActionMask = 2147483647;
			files = (
				9E7181412B0EF4F900570CCA /* CoreDataListProject.xcdatamodeld in Sources */,
				9E7181562B0F127600570CCA /* SwiftUIViewController.swift in Sources */,
				9E71816B2B0F351A00570CCA /* StoryboardTableViewController.swift in Sources */,
				9E7181602B0F154B00570CCA /* ContentView.swift in Sources */,
				9E71816E2B0F3A6600570CCA /* ToDoListItem+CoreDataClass.swift in Sources */,
				9E71813B2B0EF4F900570CCA /* CoreDataViewController.swift in Sources */,
				9E7181372B0EF4F900570CCA /* AppDelegate.swift in Sources */,
				9E7181612B0F154B00570CCA /* ContentViewModel.swift in Sources */,
				9E7181392B0EF4F900570CCA /* SceneDelegate.swift in Sources */,
				9E7181622B0F154B00570CCA /* GridCell.swift in Sources */,
				9E71816F2B0F3A6600570CCA /* ToDoListItem+CoreDataProperties.swift in Sources */,
				9E7181652B0F245F00570CCA /* CoreDataManager.swift in Sources */,
			);
			runOnlyForDeploymentPostprocessing = 0;
		};
/* End PBXSourcesBuildPhase section */

/* Begin PBXVariantGroup section */
		9E71813C2B0EF4F900570CCA /* Main.storyboard */ = {
			isa = PBXVariantGroup;
			children = (
				9E71813D2B0EF4F900570CCA /* Base */,
			);
			name = Main.storyboard;
			sourceTree = "<group>";
		};
		9E7181442B0EF4FB00570CCA /* LaunchScreen.storyboard */ = {
			isa = PBXVariantGroup;
			children = (
				9E7181452B0EF4FB00570CCA /* Base */,
			);
			name = LaunchScreen.storyboard;
			sourceTree = "<group>";
		};
/* End PBXVariantGroup section */

/* Begin XCBuildConfiguration section */
		9E7181482B0EF4FB00570CCA /* Debug */ = {
			isa = XCBuildConfiguration;
			buildSettings = {
				ALWAYS_SEARCH_USER_PATHS = NO;
				ASSETCATALOG_COMPILER_GENERATE_SWIFT_ASSET_SYMBOL_EXTENSIONS = YES;
				CLANG_ANALYZER_NONNULL = YES;
				CLANG_ANALYZER_NUMBER_OBJECT_CONVERSION = YES_AGGRESSIVE;
				CLANG_CXX_LANGUAGE_STANDARD = "gnu++20";
				CLANG_ENABLE_MODULES = YES;
				CLANG_ENABLE_OBJC_ARC = YES;
				CLANG_ENABLE_OBJC_WEAK = YES;
				CLANG_WARN_BLOCK_CAPTURE_AUTORELEASING = YES;
				CLANG_WARN_BOOL_CONVERSION = YES;
				CLANG_WARN_COMMA = YES;
				CLANG_WARN_CONSTANT_CONVERSION = YES;
				CLANG_WARN_DEPRECATED_OBJC_IMPLEMENTATIONS = YES;
				CLANG_WARN_DIRECT_OBJC_ISA_USAGE = YES_ERROR;
				CLANG_WARN_DOCUMENTATION_COMMENTS = YES;
				CLANG_WARN_EMPTY_BODY = YES;
				CLANG_WARN_ENUM_CONVERSION = YES;
				CLANG_WARN_INFINITE_RECURSION = YES;
				CLANG_WARN_INT_CONVERSION = YES;
				CLANG_WARN_NON_LITERAL_NULL_CONVERSION = YES;
				CLANG_WARN_OBJC_IMPLICIT_RETAIN_SELF = YES;
				CLANG_WARN_OBJC_LITERAL_CONVERSION = YES;
				CLANG_WARN_OBJC_ROOT_CLASS = YES_ERROR;
				CLANG_WARN_QUOTED_INCLUDE_IN_FRAMEWORK_HEADER = YES;
				CLANG_WARN_RANGE_LOOP_ANALYSIS = YES;
				CLANG_WARN_STRICT_PROTOTYPES = YES;
				CLANG_WARN_SUSPICIOUS_MOVE = YES;
				CLANG_WARN_UNGUARDED_AVAILABILITY = YES_AGGRESSIVE;
				CLANG_WARN_UNREACHABLE_CODE = YES;
				CLANG_WARN__DUPLICATE_METHOD_MATCH = YES;
				COPY_PHASE_STRIP = NO;
				DEBUG_INFORMATION_FORMAT = dwarf;
				ENABLE_STRICT_OBJC_MSGSEND = YES;
				ENABLE_TESTABILITY = YES;
				ENABLE_USER_SCRIPT_SANDBOXING = YES;
				GCC_C_LANGUAGE_STANDARD = gnu17;
				GCC_DYNAMIC_NO_PIC = NO;
				GCC_NO_COMMON_BLOCKS = YES;
				GCC_OPTIMIZATION_LEVEL = 0;
				GCC_PREPROCESSOR_DEFINITIONS = (
					"DEBUG=1",
					"$(inherited)",
				);
				GCC_WARN_64_TO_32_BIT_CONVERSION = YES;
				GCC_WARN_ABOUT_RETURN_TYPE = YES_ERROR;
				GCC_WARN_UNDECLARED_SELECTOR = YES;
				GCC_WARN_UNINITIALIZED_AUTOS = YES_AGGRESSIVE;
				GCC_WARN_UNUSED_FUNCTION = YES;
				GCC_WARN_UNUSED_VARIABLE = YES;
				IPHONEOS_DEPLOYMENT_TARGET = 17.0;
				LOCALIZATION_PREFERS_STRING_CATALOGS = YES;
				MTL_ENABLE_DEBUG_INFO = INCLUDE_SOURCE;
				MTL_FAST_MATH = YES;
				ONLY_ACTIVE_ARCH = YES;
				SDKROOT = iphoneos;
				SWIFT_ACTIVE_COMPILATION_CONDITIONS = "DEBUG $(inherited)";
				SWIFT_OPTIMIZATION_LEVEL = "-Onone";
			};
			name = Debug;
		};
		9E7181492B0EF4FB00570CCA /* Release */ = {
			isa = XCBuildConfiguration;
			buildSettings = {
				ALWAYS_SEARCH_USER_PATHS = NO;
				ASSETCATALOG_COMPILER_GENERATE_SWIFT_ASSET_SYMBOL_EXTENSIONS = YES;
				CLANG_ANALYZER_NONNULL = YES;
				CLANG_ANALYZER_NUMBER_OBJECT_CONVERSION = YES_AGGRESSIVE;
				CLANG_CXX_LANGUAGE_STANDARD = "gnu++20";
				CLANG_ENABLE_MODULES = YES;
				CLANG_ENABLE_OBJC_ARC = YES;
				CLANG_ENABLE_OBJC_WEAK = YES;
				CLANG_WARN_BLOCK_CAPTURE_AUTORELEASING = YES;
				CLANG_WARN_BOOL_CONVERSION = YES;
				CLANG_WARN_COMMA = YES;
				CLANG_WARN_CONSTANT_CONVERSION = YES;
				CLANG_WARN_DEPRECATED_OBJC_IMPLEMENTATIONS = YES;
				CLANG_WARN_DIRECT_OBJC_ISA_USAGE = YES_ERROR;
				CLANG_WARN_DOCUMENTATION_COMMENTS = YES;
				CLANG_WARN_EMPTY_BODY = YES;
				CLANG_WARN_ENUM_CONVERSION = YES;
				CLANG_WARN_INFINITE_RECURSION = YES;
				CLANG_WARN_INT_CONVERSION = YES;
				CLANG_WARN_NON_LITERAL_NULL_CONVERSION = YES;
				CLANG_WARN_OBJC_IMPLICIT_RETAIN_SELF = YES;
				CLANG_WARN_OBJC_LITERAL_CONVERSION = YES;
				CLANG_WARN_OBJC_ROOT_CLASS = YES_ERROR;
				CLANG_WARN_QUOTED_INCLUDE_IN_FRAMEWORK_HEADER = YES;
				CLANG_WARN_RANGE_LOOP_ANALYSIS = YES;
				CLANG_WARN_STRICT_PROTOTYPES = YES;
				CLANG_WARN_SUSPICIOUS_MOVE = YES;
				CLANG_WARN_UNGUARDED_AVAILABILITY = YES_AGGRESSIVE;
				CLANG_WARN_UNREACHABLE_CODE = YES;
				CLANG_WARN__DUPLICATE_METHOD_MATCH = YES;
				COPY_PHASE_STRIP = NO;
				DEBUG_INFORMATION_FORMAT = "dwarf-with-dsym";
				ENABLE_NS_ASSERTIONS = NO;
				ENABLE_STRICT_OBJC_MSGSEND = YES;
				ENABLE_USER_SCRIPT_SANDBOXING = YES;
				GCC_C_LANGUAGE_STANDARD = gnu17;
				GCC_NO_COMMON_BLOCKS = YES;
				GCC_WARN_64_TO_32_BIT_CONVERSION = YES;
				GCC_WARN_ABOUT_RETURN_TYPE = YES_ERROR;
				GCC_WARN_UNDECLARED_SELECTOR = YES;
				GCC_WARN_UNINITIALIZED_AUTOS = YES_AGGRESSIVE;
				GCC_WARN_UNUSED_FUNCTION = YES;
				GCC_WARN_UNUSED_VARIABLE = YES;
				IPHONEOS_DEPLOYMENT_TARGET = 17.0;
				LOCALIZATION_PREFERS_STRING_CATALOGS = YES;
				MTL_ENABLE_DEBUG_INFO = NO;
				MTL_FAST_MATH = YES;
				SDKROOT = iphoneos;
				SWIFT_COMPILATION_MODE = wholemodule;
				VALIDATE_PRODUCT = YES;
			};
			name = Release;
		};
		9E71814B2B0EF4FB00570CCA /* Debug */ = {
			isa = XCBuildConfiguration;
			buildSettings = {
				ASSETCATALOG_COMPILER_APPICON_NAME = AppIcon;
				ASSETCATALOG_COMPILER_GLOBAL_ACCENT_COLOR_NAME = AccentColor;
				CODE_SIGN_STYLE = Automatic;
				CURRENT_PROJECT_VERSION = 1;
				DEVELOPMENT_TEAM = 5N8534A952;
				GENERATE_INFOPLIST_FILE = YES;
				INFOPLIST_FILE = CoreDataListProject/Info.plist;
				INFOPLIST_KEY_UIApplicationSupportsIndirectInputEvents = YES;
				INFOPLIST_KEY_UILaunchStoryboardName = LaunchScreen;
				INFOPLIST_KEY_UIMainStoryboardFile = Main;
				INFOPLIST_KEY_UISupportedInterfaceOrientations_iPad = "UIInterfaceOrientationPortrait UIInterfaceOrientationPortraitUpsideDown UIInterfaceOrientationLandscapeLeft UIInterfaceOrientationLandscapeRight";
				INFOPLIST_KEY_UISupportedInterfaceOrientations_iPhone = "UIInterfaceOrientationPortrait UIInterfaceOrientationLandscapeLeft UIInterfaceOrientationLandscapeRight";
				IPHONEOS_DEPLOYMENT_TARGET = 16.4;
				LD_RUNPATH_SEARCH_PATHS = (
					"$(inherited)",
					"@executable_path/Frameworks",
				);
				MARKETING_VERSION = 1.0;
				PRODUCT_BUNDLE_IDENTIFIER = com.gmail.jes.e.0927.CoreDataListProject;
				PRODUCT_NAME = "$(TARGET_NAME)";
				SWIFT_EMIT_LOC_STRINGS = YES;
				SWIFT_VERSION = 5.0;
				TARGETED_DEVICE_FAMILY = "1,2";
			};
			name = Debug;
		};
		9E71814C2B0EF4FB00570CCA /* Release */ = {
			isa = XCBuildConfiguration;
			buildSettings = {
				ASSETCATALOG_COMPILER_APPICON_NAME = AppIcon;
				ASSETCATALOG_COMPILER_GLOBAL_ACCENT_COLOR_NAME = AccentColor;
				CODE_SIGN_STYLE = Automatic;
				CURRENT_PROJECT_VERSION = 1;
				DEVELOPMENT_TEAM = 5N8534A952;
				GENERATE_INFOPLIST_FILE = YES;
				INFOPLIST_FILE = CoreDataListProject/Info.plist;
				INFOPLIST_KEY_UIApplicationSupportsIndirectInputEvents = YES;
				INFOPLIST_KEY_UILaunchStoryboardName = LaunchScreen;
				INFOPLIST_KEY_UIMainStoryboardFile = Main;
				INFOPLIST_KEY_UISupportedInterfaceOrientations_iPad = "UIInterfaceOrientationPortrait UIInterfaceOrientationPortraitUpsideDown UIInterfaceOrientationLandscapeLeft UIInterfaceOrientationLandscapeRight";
				INFOPLIST_KEY_UISupportedInterfaceOrientations_iPhone = "UIInterfaceOrientationPortrait UIInterfaceOrientationLandscapeLeft UIInterfaceOrientationLandscapeRight";
				IPHONEOS_DEPLOYMENT_TARGET = 16.4;
				LD_RUNPATH_SEARCH_PATHS = (
					"$(inherited)",
					"@executable_path/Frameworks",
				);
				MARKETING_VERSION = 1.0;
				PRODUCT_BUNDLE_IDENTIFIER = com.gmail.jes.e.0927.CoreDataListProject;
				PRODUCT_NAME = "$(TARGET_NAME)";
				SWIFT_EMIT_LOC_STRINGS = YES;
				SWIFT_VERSION = 5.0;
				TARGETED_DEVICE_FAMILY = "1,2";
			};
			name = Release;
		};
/* End XCBuildConfiguration section */

/* Begin XCConfigurationList section */
		9E71812E2B0EF4F900570CCA /* Build configuration list for PBXProject "CoreDataListProject" */ = {
			isa = XCConfigurationList;
			buildConfigurations = (
				9E7181482B0EF4FB00570CCA /* Debug */,
				9E7181492B0EF4FB00570CCA /* Release */,
			);
			defaultConfigurationIsVisible = 0;
			defaultConfigurationName = Release;
		};
		9E71814A2B0EF4FB00570CCA /* Build configuration list for PBXNativeTarget "CoreDataListProject" */ = {
			isa = XCConfigurationList;
			buildConfigurations = (
				9E71814B2B0EF4FB00570CCA /* Debug */,
				9E71814C2B0EF4FB00570CCA /* Release */,
			);
			defaultConfigurationIsVisible = 0;
			defaultConfigurationName = Release;
		};
/* End XCConfigurationList section */

/* Begin XCVersionGroup section */
		9E71813F2B0EF4F900570CCA /* CoreDataListProject.xcdatamodeld */ = {
			isa = XCVersionGroup;
			children = (
				9E7181402B0EF4F900570CCA /* CoreDataListProject.xcdatamodel */,
			);
			currentVersion = 9E7181402B0EF4F900570CCA /* CoreDataListProject.xcdatamodel */;
			path = CoreDataListProject.xcdatamodeld;
			sourceTree = "<group>";
			versionGroupType = wrapper.xcdatamodel;
		};
/* End XCVersionGroup section */
	};
	rootObject = 9E71812B2B0EF4F900570CCA /* Project object */;
}
